
Microsoft Visual Studio Solution File, Format Version 12.00
# Visual Studio Version 17
VisualStudioVersion = 17.0.32112.339
MinimumVisualStudioVersion = 10.0.40219.1
Project("{9A19103F-16F7-4668-BE54-9A1E7A4F7556}") = "SA-ILP", "SA-ILP\SA-ILP.csproj", "{ED4CE5E1-2776-4FA0-84A9-2C9066335E06}"
EndProject
Project("{9A19103F-16F7-4668-BE54-9A1E7A4F7556}") = "GurobiClassLibrary", "GurobiClassLibrary\GurobiClassLibrary.csproj", "{688CBB20-4FDD-4422-8D96-B68B50286C9C}"
EndProject
Project("{FAE04EC0-301F-11D3-BF4B-00C04F79EFBC}") = "Benchmarker", "Benchmarker\Benchmarker.csproj", "{D3E3905F-8EE2-467A-A6C8-FD466788B034}"
EndProject
Global
	GlobalSection(SolutionConfigurationPlatforms) = preSolution
		Debug|Any CPU = Debug|Any CPU
		Release|Any CPU = Release|Any CPU
	EndGlobalSection
	GlobalSection(ProjectConfigurationPlatforms) = postSolution
		{ED4CE5E1-2776-4FA0-84A9-2C9066335E06}.Debug|Any CPU.ActiveCfg = Debug|Any CPU
		{ED4CE5E1-2776-4FA0-84A9-2C9066335E06}.Debug|Any CPU.Build.0 = Debug|Any CPU
		{ED4CE5E1-2776-4FA0-84A9-2C9066335E06}.Release|Any CPU.ActiveCfg = Release|Any CPU
		{ED4CE5E1-2776-4FA0-84A9-2C9066335E06}.Release|Any CPU.Build.0 = Release|Any CPU
		{688CBB20-4FDD-4422-8D96-B68B50286C9C}.Debug|Any CPU.ActiveCfg = Debug|Any CPU
		{688CBB20-4FDD-4422-8D96-B68B50286C9C}.Debug|Any CPU.Build.0 = Debug|Any CPU
		{688CBB20-4FDD-4422-8D96-B68B50286C9C}.Release|Any CPU.ActiveCfg = Release|Any CPU
		{688CBB20-4FDD-4422-8D96-B68B50286C9C}.Release|Any CPU.Build.0 = Release|Any CPU
		{D3E3905F-8EE2-467A-A6C8-FD466788B034}.Debug|Any CPU.ActiveCfg = Debug|Any CPU
		{D3E3905F-8EE2-467A-A6C8-FD466788B034}.Debug|Any CPU.Build.0 = Debug|Any CPU
		{D3E3905F-8EE2-467A-A6C8-FD466788B034}.Release|Any CPU.ActiveCfg = Release|Any CPU
		{D3E3905F-8EE2-467A-A6C8-FD466788B034}.Release|Any CPU.Build.0 = Release|Any CPU
	EndGlobalSection
	GlobalSection(SolutionProperties) = preSolution
		HideSolutionNode = FALSE
	EndGlobalSection
	GlobalSection(ExtensibilityGlobals) = postSolution
		SolutionGuid = {3263638E-2898-4A1A-9A49-CDD91B2E97FE}
	EndGlobalSection
EndGlobal
